
Microsoft Visual Studio Solution File, Format Version 12.00
Project("{FAE04EC0-301F-11D3-BF4B-00C04F79EFBC}") = "ClientDotNet", "ClientDotNet\ClientDotNet.csproj", "{92F532B9-59EA-42D6-B96A-7A011DD5455D}"
EndProject
Global
	GlobalSection(SolutionConfigurationPlatforms) = preSolution
		Debug|Any CPU = Debug|Any CPU
		Release|Any CPU = Release|Any CPU
	EndGlobalSection
	GlobalSection(ProjectConfigurationPlatforms) = postSolution
		{92F532B9-59EA-42D6-B96A-7A011DD5455D}.Debug|Any CPU.ActiveCfg = Debug|Any CPU
		{92F532B9-59EA-42D6-B96A-7A011DD5455D}.Debug|Any CPU.Build.0 = Debug|Any CPU
		{92F532B9-59EA-42D6-B96A-7A011DD5455D}.Release|Any CPU.ActiveCfg = Release|Any CPU
		{92F532B9-59EA-42D6-B96A-7A011DD5455D}.Release|Any CPU.Build.0 = Release|Any CPU
	EndGlobalSection
EndGlobal
